
Microsoft Visual Studio Solution File, Format Version 12.00
# Visual Studio Version 17
VisualStudioVersion = 17.0.31903.59
MinimumVisualStudioVersion = 10.0.40219.1
Project("{FAE04EC0-301F-11D3-BF4B-00C04F79EFBC}") = "DotClaw", "DotClaw\DotClaw.csproj", "{488EE7F9-172D-42C0-AB38-5559270C9866}"
EndProject
Project("{FAE04EC0-301F-11D3-BF4B-00C04F79EFBC}") = "DotClaw.Telegram", "DotClaw.Telegram\DotClaw.Telegram.csproj", "{ACCAD931-5DFF-43F9-97EC-1DB4DBDEDCA6}"
EndProject
Global
	GlobalSection(SolutionConfigurationPlatforms) = preSolution
		Debug|Any CPU = Debug|Any CPU
		Debug|x64 = Debug|x64
		Debug|x86 = Debug|x86
		Release|Any CPU = Release|Any CPU
		Release|x64 = Release|x64
		Release|x86 = Release|x86
	EndGlobalSection
	GlobalSection(ProjectConfigurationPlatforms) = postSolution
		{488EE7F9-172D-42C0-AB38-5559270C9866}.Debug|Any CPU.ActiveCfg = Debug|Any CPU
		{488EE7F9-172D-42C0-AB38-5559270C9866}.Debug|Any CPU.Build.0 = Debug|Any CPU
		{488EE7F9-172D-42C0-AB38-5559270C9866}.Debug|x64.ActiveCfg = Debug|Any CPU
		{488EE7F9-172D-42C0-AB38-5559270C9866}.Debug|x64.Build.0 = Debug|Any CPU
		{488EE7F9-172D-42C0-AB38-5559270C9866}.Debug|x86.ActiveCfg = Debug|Any CPU
		{488EE7F9-172D-42C0-AB38-5559270C9866}.Debug|x86.Build.0 = Debug|Any CPU
		{488EE7F9-172D-42C0-AB38-5559270C9866}.Release|Any CPU.ActiveCfg = Release|Any CPU
		{488EE7F9-172D-42C0-AB38-5559270C9866}.Release|Any CPU.Build.0 = Release|Any CPU
		{488EE7F9-172D-42C0-AB38-5559270C9866}.Release|x64.ActiveCfg = Release|Any CPU
		{488EE7F9-172D-42C0-AB38-5559270C9866}.Release|x64.Build.0 = Release|Any CPU
		{488EE7F9-172D-42C0-AB38-5559270C9866}.Release|x86.ActiveCfg = Release|Any CPU
		{488EE7F9-172D-42C0-AB38-5559270C9866}.Release|x86.Build.0 = Release|Any CPU
		{ACCAD931-5DFF-43F9-97EC-1DB4DBDEDCA6}.Debug|Any CPU.ActiveCfg = Debug|Any CPU
		{ACCAD931-5DFF-43F9-97EC-1DB4DBDEDCA6}.Debug|Any CPU.Build.0 = Debug|Any CPU
		{ACCAD931-5DFF-43F9-97EC-1DB4DBDEDCA6}.Debug|x64.ActiveCfg = Debug|Any CPU
		{ACCAD931-5DFF-43F9-97EC-1DB4DBDEDCA6}.Debug|x64.Build.0 = Debug|Any CPU
		{ACCAD931-5DFF-43F9-97EC-1DB4DBDEDCA6}.Debug|x86.ActiveCfg = Debug|Any CPU
		{ACCAD931-5DFF-43F9-97EC-1DB4DBDEDCA6}.Debug|x86.Build.0 = Debug|Any CPU
		{ACCAD931-5DFF-43F9-97EC-1DB4DBDEDCA6}.Release|Any CPU.ActiveCfg = Release|Any CPU
		{ACCAD931-5DFF-43F9-97EC-1DB4DBDEDCA6}.Release|Any CPU.Build.0 = Release|Any CPU
		{ACCAD931-5DFF-43F9-97EC-1DB4DBDEDCA6}.Release|x64.ActiveCfg = Release|Any CPU
		{ACCAD931-5DFF-43F9-97EC-1DB4DBDEDCA6}.Release|x64.Build.0 = Release|Any CPU
		{ACCAD931-5DFF-43F9-97EC-1DB4DBDEDCA6}.Release|x86.ActiveCfg = Release|Any CPU
		{ACCAD931-5DFF-43F9-97EC-1DB4DBDEDCA6}.Release|x86.Build.0 = Release|Any CPU
	EndGlobalSection
	GlobalSection(SolutionProperties) = preSolution
		HideSolutionNode = FALSE
	EndGlobalSection
EndGlobal
